// !$*UTF8*$!
{
	archiveVersion = 1;
	classes = {
	};
	objectVersion = 46;
	objects = {

/* Begin PBXBuildFile section */
		E31D092D16E7D3BE3911D621 /* Pods_Impostometro.framework in Frameworks */ = {isa = PBXBuildFile; fileRef = F6C57484AFD28DE755EA7E82 /* Pods_Impostometro.framework */; settings = {ATTRIBUTES = (Weak, ); }; };
		FF5514B21B569C35009203BF /* AppDelegate.swift in Sources */ = {isa = PBXBuildFile; fileRef = FF5514B11B569C35009203BF /* AppDelegate.swift */; };
		FF5514B41B569C35009203BF /* ViewController.swift in Sources */ = {isa = PBXBuildFile; fileRef = FF5514B31B569C35009203BF /* ViewController.swift */; };
		FF5514B71B569C35009203BF /* Main.storyboard in Resources */ = {isa = PBXBuildFile; fileRef = FF5514B51B569C35009203BF /* Main.storyboard */; };
		FF5514B91B569C35009203BF /* Images.xcassets in Resources */ = {isa = PBXBuildFile; fileRef = FF5514B81B569C35009203BF /* Images.xcassets */; };
		FF5514BC1B569C35009203BF /* LaunchScreen.xib in Resources */ = {isa = PBXBuildFile; fileRef = FF5514BA1B569C35009203BF /* LaunchScreen.xib */; };
		FF5514C81B569C35009203BF /* ImpostometroTests.swift in Sources */ = {isa = PBXBuildFile; fileRef = FF5514C71B569C35009203BF /* ImpostometroTests.swift */; };
		FF5514D21B56AAAC009203BF /* DetalhesViewController.swift in Sources */ = {isa = PBXBuildFile; fileRef = FF5514D11B56AAAC009203BF /* DetalhesViewController.swift */; };
		FF5F1F4E1B61250E00BA22D7 /* README.md in Sources */ = {isa = PBXBuildFile; fileRef = FF5F1F4D1B61250E00BA22D7 /* README.md */; };
/* End PBXBuildFile section */

/* Begin PBXContainerItemProxy section */
		FF5514C21B569C35009203BF /* PBXContainerItemProxy */ = {
			isa = PBXContainerItemProxy;
			containerPortal = FF5514A41B569C35009203BF /* Project object */;
			proxyType = 1;
			remoteGlobalIDString = FF5514AB1B569C35009203BF;
			remoteInfo = Impostometro;
		};
/* End PBXContainerItemProxy section */

/* Begin PBXFileReference section */
		796AAA496A648368E8DE66A6 /* Pods-Impostometro.release.xcconfig */ = {isa = PBXFileReference; includeInIndex = 1; lastKnownFileType = text.xcconfig; name = "Pods-Impostometro.release.xcconfig"; path = "Pods/Target Support Files/Pods-Impostometro/Pods-Impostometro.release.xcconfig"; sourceTree = "<group>"; };
		E1F0A0A93868C751490845A9 /* Pods-Impostometro.debug.xcconfig */ = {isa = PBXFileReference; includeInIndex = 1; lastKnownFileType = text.xcconfig; name = "Pods-Impostometro.debug.xcconfig"; path = "Pods/Target Support Files/Pods-Impostometro/Pods-Impostometro.debug.xcconfig"; sourceTree = "<group>"; };
		F6C57484AFD28DE755EA7E82 /* Pods_Impostometro.framework */ = {isa = PBXFileReference; explicitFileType = wrapper.framework; includeInIndex = 0; path = Pods_Impostometro.framework; sourceTree = BUILT_PRODUCTS_DIR; };
		FF5514AC1B569C35009203BF /* Impostometro.app */ = {isa = PBXFileReference; explicitFileType = wrapper.application; includeInIndex = 0; path = Impostometro.app; sourceTree = BUILT_PRODUCTS_DIR; };
		FF5514B01B569C35009203BF /* Info.plist */ = {isa = PBXFileReference; lastKnownFileType = text.plist.xml; path = Info.plist; sourceTree = "<group>"; };
		FF5514B11B569C35009203BF /* AppDelegate.swift */ = {isa = PBXFileReference; lastKnownFileType = sourcecode.swift; path = AppDelegate.swift; sourceTree = "<group>"; };
		FF5514B31B569C35009203BF /* ViewController.swift */ = {isa = PBXFileReference; lastKnownFileType = sourcecode.swift; path = ViewController.swift; sourceTree = "<group>"; };
		FF5514B61B569C35009203BF /* Base */ = {isa = PBXFileReference; lastKnownFileType = file.storyboard; name = Base; path = Base.lproj/Main.storyboard; sourceTree = "<group>"; };
		FF5514B81B569C35009203BF /* Images.xcassets */ = {isa = PBXFileReference; lastKnownFileType = folder.assetcatalog; path = Images.xcassets; sourceTree = "<group>"; };
		FF5514BB1B569C35009203BF /* Base */ = {isa = PBXFileReference; lastKnownFileType = file.xib; name = Base; path = Base.lproj/LaunchScreen.xib; sourceTree = "<group>"; };
		FF5514C11B569C35009203BF /* ImpostometroTests.xctest */ = {isa = PBXFileReference; explicitFileType = wrapper.cfbundle; includeInIndex = 0; path = ImpostometroTests.xctest; sourceTree = BUILT_PRODUCTS_DIR; };
		FF5514C61B569C35009203BF /* Info.plist */ = {isa = PBXFileReference; lastKnownFileType = text.plist.xml; path = Info.plist; sourceTree = "<group>"; };
		FF5514C71B569C35009203BF /* ImpostometroTests.swift */ = {isa = PBXFileReference; lastKnownFileType = sourcecode.swift; path = ImpostometroTests.swift; sourceTree = "<group>"; };
		FF5514D11B56AAAC009203BF /* DetalhesViewController.swift */ = {isa = PBXFileReference; fileEncoding = 4; lastKnownFileType = sourcecode.swift; path = DetalhesViewController.swift; sourceTree = "<group>"; };
		FF5F1F3F1B5FC6D900BA22D7 /* ActionSheetPicker_3_0.framework */ = {isa = PBXFileReference; lastKnownFileType = wrapper.framework; name = ActionSheetPicker_3_0.framework; path = "Pods/../build/Debug-iphoneos/Pods-Impostometro/ActionSheetPicker_3_0.framework"; sourceTree = "<group>"; };
		FF5F1F451B5FD0B100BA22D7 /* ActionSheetPicker_3_0.framework */ = {isa = PBXFileReference; lastKnownFileType = wrapper.framework; name = ActionSheetPicker_3_0.framework; path = "Pods/../build/Debug-iphoneos/Pods-Impostometro/ActionSheetPicker_3_0.framework"; sourceTree = "<group>"; };
		FF5F1F471B5FD6B800BA22D7 /* ActionSheetPicker_3_0.framework */ = {isa = PBXFileReference; lastKnownFileType = wrapper.framework; name = ActionSheetPicker_3_0.framework; path = "Pods/../build/Debug-iphoneos/Pods-Impostometro/ActionSheetPicker_3_0.framework"; sourceTree = "<group>"; };
		FF5F1F4D1B61250E00BA22D7 /* README.md */ = {isa = PBXFileReference; fileEncoding = 4; lastKnownFileType = net.daringfireball.markdown; path = README.md; sourceTree = "<group>"; };
/* End PBXFileReference section */

/* Begin PBXFrameworksBuildPhase section */
		FF5514A91B569C35009203BF /* Frameworks */ = {
			isa = PBXFrameworksBuildPhase;
			buildActionMask = 2147483647;
			files = (
				E31D092D16E7D3BE3911D621 /* Pods_Impostometro.framework in Frameworks */,
			);
			runOnlyForDeploymentPostprocessing = 0;
		};
		FF5514BE1B569C35009203BF /* Frameworks */ = {
			isa = PBXFrameworksBuildPhase;
			buildActionMask = 2147483647;
			files = (
			);
			runOnlyForDeploymentPostprocessing = 0;
		};
/* End PBXFrameworksBuildPhase section */

/* Begin PBXGroup section */
		341F2A2E77ECEFFD485CD53A /* Pods */ = {
			isa = PBXGroup;
			children = (
				E1F0A0A93868C751490845A9 /* Pods-Impostometro.debug.xcconfig */,
				796AAA496A648368E8DE66A6 /* Pods-Impostometro.release.xcconfig */,
			);
			name = Pods;
			sourceTree = "<group>";
		};
		7FE7D1F1AAE4E37131313F3D /* Frameworks */ = {
			isa = PBXGroup;
			children = (
				FF5F1F471B5FD6B800BA22D7 /* ActionSheetPicker_3_0.framework */,
				FF5F1F451B5FD0B100BA22D7 /* ActionSheetPicker_3_0.framework */,
				FF5F1F3F1B5FC6D900BA22D7 /* ActionSheetPicker_3_0.framework */,
				F6C57484AFD28DE755EA7E82 /* Pods_Impostometro.framework */,
			);
			name = Frameworks;
			sourceTree = "<group>";
		};
		FF5514A31B569C35009203BF = {
			isa = PBXGroup;
			children = (
				FF5F1F4D1B61250E00BA22D7 /* README.md */,
				FF5514AE1B569C35009203BF /* Impostometro */,
				FF5514C41B569C35009203BF /* ImpostometroTests */,
				FF5514AD1B569C35009203BF /* Products */,
				341F2A2E77ECEFFD485CD53A /* Pods */,
				7FE7D1F1AAE4E37131313F3D /* Frameworks */,
			);
			sourceTree = "<group>";
		};
		FF5514AD1B569C35009203BF /* Products */ = {
			isa = PBXGroup;
			children = (
				FF5514AC1B569C35009203BF /* Impostometro.app */,
				FF5514C11B569C35009203BF /* ImpostometroTests.xctest */,
			);
			name = Products;
			sourceTree = "<group>";
		};
		FF5514AE1B569C35009203BF /* Impostometro */ = {
			isa = PBXGroup;
			children = (
				FF5514B11B569C35009203BF /* AppDelegate.swift */,
				FF5514B31B569C35009203BF /* ViewController.swift */,
				FF5514B51B569C35009203BF /* Main.storyboard */,
				FF5514D11B56AAAC009203BF /* DetalhesViewController.swift */,
				FF5514BA1B569C35009203BF /* LaunchScreen.xib */,
				FF5514B81B569C35009203BF /* Images.xcassets */,
				FF5514AF1B569C35009203BF /* Supporting Files */,
			);
			path = Impostometro;
			sourceTree = "<group>";
		};
		FF5514AF1B569C35009203BF /* Supporting Files */ = {
			isa = PBXGroup;
			children = (
				FF5514B01B569C35009203BF /* Info.plist */,
			);
			name = "Supporting Files";
			sourceTree = "<group>";
		};
		FF5514C41B569C35009203BF /* ImpostometroTests */ = {
			isa = PBXGroup;
			children = (
				FF5514C71B569C35009203BF /* ImpostometroTests.swift */,
				FF5514C51B569C35009203BF /* Supporting Files */,
			);
			path = ImpostometroTests;
			sourceTree = "<group>";
		};
		FF5514C51B569C35009203BF /* Supporting Files */ = {
			isa = PBXGroup;
			children = (
				FF5514C61B569C35009203BF /* Info.plist */,
			);
			name = "Supporting Files";
			sourceTree = "<group>";
		};
/* End PBXGroup section */

/* Begin PBXNativeTarget section */
		FF5514AB1B569C35009203BF /* Impostometro */ = {
			isa = PBXNativeTarget;
			buildConfigurationList = FF5514CB1B569C35009203BF /* Build configuration list for PBXNativeTarget "Impostometro" */;
			buildPhases = (
				20AFA25D51ED496B1EFFD525 /* Check Pods Manifest.lock */,
				FF5514A81B569C35009203BF /* Sources */,
				FF5514A91B569C35009203BF /* Frameworks */,
				FF5514AA1B569C35009203BF /* Resources */,
				563D92F4872B5C5D91BA18C5 /* Embed Pods Frameworks */,
				960DE35D62663EC74B559868 /* Copy Pods Resources */,
			);
			buildRules = (
			);
			dependencies = (
			);
			name = Impostometro;
			productName = Impostometro;
			productReference = FF5514AC1B569C35009203BF /* Impostometro.app */;
			productType = "com.apple.product-type.application";
		};
		FF5514C01B569C35009203BF /* ImpostometroTests */ = {
			isa = PBXNativeTarget;
			buildConfigurationList = FF5514CE1B569C35009203BF /* Build configuration list for PBXNativeTarget "ImpostometroTests" */;
			buildPhases = (
				FF5514BD1B569C35009203BF /* Sources */,
				FF5514BE1B569C35009203BF /* Frameworks */,
				FF5514BF1B569C35009203BF /* Resources */,
			);
			buildRules = (
			);
			dependencies = (
				FF5514C31B569C35009203BF /* PBXTargetDependency */,
			);
			name = ImpostometroTests;
			productName = ImpostometroTests;
			productReference = FF5514C11B569C35009203BF /* ImpostometroTests.xctest */;
			productType = "com.apple.product-type.bundle.unit-test";
		};
/* End PBXNativeTarget section */

/* Begin PBXProject section */
		FF5514A41B569C35009203BF /* Project object */ = {
			isa = PBXProject;
			attributes = {
				LastUpgradeCheck = 0640;
				ORGANIZATIONNAME = "Antony Alkmim";
				TargetAttributes = {
					FF5514AB1B569C35009203BF = {
						CreatedOnToolsVersion = 6.4;
					};
					FF5514C01B569C35009203BF = {
						CreatedOnToolsVersion = 6.4;
						TestTargetID = FF5514AB1B569C35009203BF;
					};
				};
			};
			buildConfigurationList = FF5514A71B569C35009203BF /* Build configuration list for PBXProject "Impostometro" */;
			compatibilityVersion = "Xcode 3.2";
			developmentRegion = English;
			hasScannedForEncodings = 0;
			knownRegions = (
				en,
				Base,
			);
			mainGroup = FF5514A31B569C35009203BF;
			productRefGroup = FF5514AD1B569C35009203BF /* Products */;
			projectDirPath = "";
			projectRoot = "";
			targets = (
				FF5514AB1B569C35009203BF /* Impostometro */,
				FF5514C01B569C35009203BF /* ImpostometroTests */,
			);
		};
/* End PBXProject section */

/* Begin PBXResourcesBuildPhase section */
		FF5514AA1B569C35009203BF /* Resources */ = {
			isa = PBXResourcesBuildPhase;
			buildActionMask = 2147483647;
			files = (
				FF5514B71B569C35009203BF /* Main.storyboard in Resources */,
				FF5514BC1B569C35009203BF /* LaunchScreen.xib in Resources */,
				FF5514B91B569C35009203BF /* Images.xcassets in Resources */,
			);
			runOnlyForDeploymentPostprocessing = 0;
		};
		FF5514BF1B569C35009203BF /* Resources */ = {
			isa = PBXResourcesBuildPhase;
			buildActionMask = 2147483647;
			files = (
			);
			runOnlyForDeploymentPostprocessing = 0;
		};
/* End PBXResourcesBuildPhase section */

/* Begin PBXShellScriptBuildPhase section */
		20AFA25D51ED496B1EFFD525 /* Check Pods Manifest.lock */ = {
			isa = PBXShellScriptBuildPhase;
			buildActionMask = 2147483647;
			files = (
			);
			inputPaths = (
			);
			name = "Check Pods Manifest.lock";
			outputPaths = (
			);
			runOnlyForDeploymentPostprocessing = 0;
			shellPath = /bin/sh;
			shellScript = "diff \"${PODS_ROOT}/../Podfile.lock\" \"${PODS_ROOT}/Manifest.lock\" > /dev/null\nif [[ $? != 0 ]] ; then\n    cat << EOM\nerror: The sandbox is not in sync with the Podfile.lock. Run 'pod install' or update your CocoaPods installation.\nEOM\n    exit 1\nfi\n";
			showEnvVarsInLog = 0;
		};
		563D92F4872B5C5D91BA18C5 /* Embed Pods Frameworks */ = {
			isa = PBXShellScriptBuildPhase;
			buildActionMask = 2147483647;
			files = (
			);
			inputPaths = (
			);
			name = "Embed Pods Frameworks";
			outputPaths = (
			);
			runOnlyForDeploymentPostprocessing = 0;
			shellPath = /bin/sh;
			shellScript = "\"${SRCROOT}/Pods/Target Support Files/Pods-Impostometro/Pods-Impostometro-frameworks.sh\"\n";
			showEnvVarsInLog = 0;
		};
		960DE35D62663EC74B559868 /* Copy Pods Resources */ = {
			isa = PBXShellScriptBuildPhase;
			buildActionMask = 2147483647;
			files = (
			);
			inputPaths = (
			);
			name = "Copy Pods Resources";
			outputPaths = (
			);
			runOnlyForDeploymentPostprocessing = 0;
			shellPath = /bin/sh;
			shellScript = "\"${SRCROOT}/Pods/Target Support Files/Pods-Impostometro/Pods-Impostometro-resources.sh\"\n";
			showEnvVarsInLog = 0;
		};
/* End PBXShellScriptBuildPhase section */

/* Begin PBXSourcesBuildPhase section */
		FF5514A81B569C35009203BF /* Sources */ = {
			isa = PBXSourcesBuildPhase;
			buildActionMask = 2147483647;
			files = (
				FF5514B41B569C35009203BF /* ViewController.swift in Sources */,
				FF5514B21B569C35009203BF /* AppDelegate.swift in Sources */,
				FF5F1F4E1B61250E00BA22D7 /* README.md in Sources */,
				FF5514D21B56AAAC009203BF /* DetalhesViewController.swift in Sources */,
			);
			runOnlyForDeploymentPostprocessing = 0;
		};
		FF5514BD1B569C35009203BF /* Sources */ = {
			isa = PBXSourcesBuildPhase;
			buildActionMask = 2147483647;
			files = (
				FF5514C81B569C35009203BF /* ImpostometroTests.swift in Sources */,
			);
			runOnlyForDeploymentPostprocessing = 0;
		};
/* End PBXSourcesBuildPhase section */

/* Begin PBXTargetDependency section */
		FF5514C31B569C35009203BF /* PBXTargetDependency */ = {
			isa = PBXTargetDependency;
			target = FF5514AB1B569C35009203BF /* Impostometro */;
			targetProxy = FF5514C21B569C35009203BF /* PBXContainerItemProxy */;
		};
/* End PBXTargetDependency section */

/* Begin PBXVariantGroup section */
		FF5514B51B569C35009203BF /* Main.storyboard */ = {
			isa = PBXVariantGroup;
			children = (
				FF5514B61B569C35009203BF /* Base */,
			);
			name = Main.storyboard;
			sourceTree = "<group>";
		};
		FF5514BA1B569C35009203BF /* LaunchScreen.xib */ = {
			isa = PBXVariantGroup;
			children = (
				FF5514BB1B569C35009203BF /* Base */,
			);
			name = LaunchScreen.xib;
			sourceTree = "<group>";
		};
/* End PBXVariantGroup section */

/* Begin XCBuildConfiguration section */
		FF5514C91B569C35009203BF /* Debug */ = {
			isa = XCBuildConfiguration;
			buildSettings = {
				ALWAYS_SEARCH_USER_PATHS = NO;
				CLANG_CXX_LANGUAGE_STANDARD = "gnu++0x";
				CLANG_CXX_LIBRARY = "libc++";
				CLANG_ENABLE_MODULES = YES;
				CLANG_ENABLE_OBJC_ARC = YES;
				CLANG_WARN_BOOL_CONVERSION = YES;
				CLANG_WARN_CONSTANT_CONVERSION = YES;
				CLANG_WARN_DIRECT_OBJC_ISA_USAGE = YES_ERROR;
				CLANG_WARN_EMPTY_BODY = YES;
				CLANG_WARN_ENUM_CONVERSION = YES;
				CLANG_WARN_INT_CONVERSION = YES;
				CLANG_WARN_OBJC_ROOT_CLASS = YES_ERROR;
				CLANG_WARN_UNREACHABLE_CODE = YES;
				CLANG_WARN__DUPLICATE_METHOD_MATCH = YES;
				"CODE_SIGN_IDENTITY[sdk=iphoneos*]" = "iPhone Developer";
				COPY_PHASE_STRIP = NO;
				DEBUG_INFORMATION_FORMAT = "dwarf-with-dsym";
				ENABLE_STRICT_OBJC_MSGSEND = YES;
				GCC_C_LANGUAGE_STANDARD = gnu99;
				GCC_DYNAMIC_NO_PIC = NO;
				GCC_NO_COMMON_BLOCKS = YES;
				GCC_OPTIMIZATION_LEVEL = 0;
				GCC_PREPROCESSOR_DEFINITIONS = (
					"DEBUG=1",
					"$(inherited)",
				);
				GCC_SYMBOLS_PRIVATE_EXTERN = NO;
				GCC_WARN_64_TO_32_BIT_CONVERSION = YES;
				GCC_WARN_ABOUT_RETURN_TYPE = YES_ERROR;
				GCC_WARN_UNDECLARED_SELECTOR = YES;
				GCC_WARN_UNINITIALIZED_AUTOS = YES_AGGRESSIVE;
				GCC_WARN_UNUSED_FUNCTION = YES;
				GCC_WARN_UNUSED_VARIABLE = YES;
				IPHONEOS_DEPLOYMENT_TARGET = 8.4;
				MTL_ENABLE_DEBUG_INFO = YES;
				ONLY_ACTIVE_ARCH = YES;
				SDKROOT = iphoneos;
				SWIFT_OPTIMIZATION_LEVEL = "-Onone";
				TARGETED_DEVICE_FAMILY = "1,2";
			};
			name = Debug;
		};
		FF5514CA1B569C35009203BF /* Release */ = {
			isa = XCBuildConfiguration;
			buildSettings = {
				ALWAYS_SEARCH_USER_PATHS = NO;
				CLANG_CXX_LANGUAGE_STANDARD = "gnu++0x";
				CLANG_CXX_LIBRARY = "libc++";
				CLANG_ENABLE_MODULES = YES;
				CLANG_ENABLE_OBJC_ARC = YES;
				CLANG_WARN_BOOL_CONVERSION = YES;
				CLANG_WARN_CONSTANT_CONVERSION = YES;
				CLANG_WARN_DIRECT_OBJC_ISA_USAGE = YES_ERROR;
				CLANG_WARN_EMPTY_BODY = YES;
				CLANG_WARN_ENUM_CONVERSION = YES;
				CLANG_WARN_INT_CONVERSION = YES;
				CLANG_WARN_OBJC_ROOT_CLASS = YES_ERROR;
				CLANG_WARN_UNREACHABLE_CODE = YES;
				CLANG_WARN__DUPLICATE_METHOD_MATCH = YES;
				"CODE_SIGN_IDENTITY[sdk=iphoneos*]" = "iPhone Developer";
				COPY_PHASE_STRIP = NO;
				DEBUG_INFORMATION_FORMAT = "dwarf-with-dsym";
				ENABLE_NS_ASSERTIONS = NO;
				ENABLE_STRICT_OBJC_MSGSEND = YES;
				GCC_C_LANGUAGE_STANDARD = gnu99;
				GCC_NO_COMMON_BLOCKS = YES;
				GCC_WARN_64_TO_32_BIT_CONVERSION = YES;
				GCC_WARN_ABOUT_RETURN_TYPE = YES_ERROR;
				GCC_WARN_UNDECLARED_SELECTOR = YES;
				GCC_WARN_UNINITIALIZED_AUTOS = YES_AGGRESSIVE;
				GCC_WARN_UNUSED_FUNCTION = YES;
				GCC_WARN_UNUSED_VARIABLE = YES;
				IPHONEOS_DEPLOYMENT_TARGET = 8.4;
				MTL_ENABLE_DEBUG_INFO = NO;
				SDKROOT = iphoneos;
				TARGETED_DEVICE_FAMILY = "1,2";
				VALIDATE_PRODUCT = YES;
			};
			name = Release;
		};
		FF5514CC1B569C35009203BF /* Debug */ = {
			isa = XCBuildConfiguration;
			baseConfigurationReference = E1F0A0A93868C751490845A9 /* Pods-Impostometro.debug.xcconfig */;
			buildSettings = {
				ASSETCATALOG_COMPILER_APPICON_NAME = AppIcon;
				CLANG_ENABLE_MODULES = YES;
				FRAMEWORK_SEARCH_PATHS = (
					"$(inherited)",
					"$(PROJECT_DIR)/build/Debug-iphoneos/Pods-Impostometro",
				);
				INFOPLIST_FILE = Impostometro/Info.plist;
				LD_RUNPATH_SEARCH_PATHS = "$(inherited) @executable_path/Frameworks";
				PRODUCT_NAME = "$(TARGET_NAME)";
				SWIFT_OBJC_BRIDGING_HEADER = "";
				SWIFT_OPTIMIZATION_LEVEL = "-Onone";
			};
			name = Debug;
		};
		FF5514CD1B569C35009203BF /* Release */ = {
			isa = XCBuildConfiguration;
			baseConfigurationReference = 796AAA496A648368E8DE66A6 /* Pods-Impostometro.release.xcconfig */;
			buildSettings = {
				ASSETCATALOG_COMPILER_APPICON_NAME = AppIcon;
				CLANG_ENABLE_MODULES = YES;
				FRAMEWORK_SEARCH_PATHS = (
					"$(inherited)",
					"$(PROJECT_DIR)/build/Debug-iphoneos/Pods-Impostometro",
				);
				INFOPLIST_FILE = Impostometro/Info.plist;
				LD_RUNPATH_SEARCH_PATHS = "$(inherited) @executable_path/Frameworks";
				PRODUCT_NAME = "$(TARGET_NAME)";
				SWIFT_OBJC_BRIDGING_HEADER = "";
			};
			name = Release;
		};
		FF5514CF1B569C35009203BF /* Debug */ = {
			isa = XCBuildConfiguration;
			buildSettings = {
				BUNDLE_LOADER = "$(TEST_HOST)";
				FRAMEWORK_SEARCH_PATHS = (
					"$(SDKROOT)/Developer/Library/Frameworks",
					"$(inherited)",
				);
				GCC_PREPROCESSOR_DEFINITIONS = (
					"DEBUG=1",
					"$(inherited)",
				);
				INFOPLIST_FILE = ImpostometroTests/Info.plist;
				LD_RUNPATH_SEARCH_PATHS = "$(inherited) @executable_path/Frameworks @loader_path/Frameworks";
				PRODUCT_NAME = "$(TARGET_NAME)";
				TEST_HOST = "$(BUILT_PRODUCTS_DIR)/Impostometro.app/Impostometro";
			};
			name = Debug;
		};
		FF5514D01B569C35009203BF /* Release */ = {
			isa = XCBuildConfiguration;
			buildSettings = {
				BUNDLE_LOADER = "$(TEST_HOST)";
				FRAMEWORK_SEARCH_PATHS = (
					"$(SDKROOT)/Developer/Library/Frameworks",
					"$(inherited)",
				);
				INFOPLIST_FILE = ImpostometroTests/Info.plist;
				LD_RUNPATH_SEARCH_PATHS = "$(inherited) @executable_path/Frameworks @loader_path/Frameworks";
				PRODUCT_NAME = "$(TARGET_NAME)";
				TEST_HOST = "$(BUILT_PRODUCTS_DIR)/Impostometro.app/Impostometro";
			};
			name = Release;
		};
/* End XCBuildConfiguration section */

/* Begin XCConfigurationList section */
		FF5514A71B569C35009203BF /* Build configuration list for PBXProject "Impostometro" */ = {
			isa = XCConfigurationList;
			buildConfigurations = (
				FF5514C91B569C35009203BF /* Debug */,
				FF5514CA1B569C35009203BF /* Release */,
			);
			defaultConfigurationIsVisible = 0;
			defaultConfigurationName = Release;
		};
		FF5514CB1B569C35009203BF /* Build configuration list for PBXNativeTarget "Impostometro" */ = {
			isa = XCConfigurationList;
			buildConfigurations = (
				FF5514CC1B569C35009203BF /* Debug */,
				FF5514CD1B569C35009203BF /* Release */,
			);
			defaultConfigurationIsVisible = 0;
			defaultConfigurationName = Release;
		};
		FF5514CE1B569C35009203BF /* Build configuration list for PBXNativeTarget "ImpostometroTests" */ = {
			isa = XCConfigurationList;
			buildConfigurations = (
				FF5514CF1B569C35009203BF /* Debug */,
				FF5514D01B569C35009203BF /* Release */,
			);
			defaultConfigurationIsVisible = 0;
			defaultConfigurationName = Release;
		};
/* End XCConfigurationList section */
	};
	rootObject = FF5514A41B569C35009203BF /* Project object */;
}
